
Microsoft Visual Studio Solution File, Format Version 12.00
# Visual Studio 15
VisualStudioVersion = 15.0.28307.168
MinimumVisualStudioVersion = 10.0.40219.1
Project("{FAE04EC0-301F-11D3-BF4B-00C04F79EFBC}") = "Aula1", "Aula1\Aula1.csproj", "{5F36DCDD-E237-47B3-A589-9F2DE0080AF5}"
EndProject
Global
	GlobalSection(SolutionConfigurationPlatforms) = preSolution
		Debug|Any CPU = Debug|Any CPU
		Release|Any CPU = Release|Any CPU
	EndGlobalSection
	GlobalSection(ProjectConfigurationPlatforms) = postSolution
		{5F36DCDD-E237-47B3-A589-9F2DE0080AF5}.Debug|Any CPU.ActiveCfg = Debug|Any CPU
		{5F36DCDD-E237-47B3-A589-9F2DE0080AF5}.Debug|Any CPU.Build.0 = Debug|Any CPU
		{5F36DCDD-E237-47B3-A589-9F2DE0080AF5}.Release|Any CPU.ActiveCfg = Release|Any CPU
		{5F36DCDD-E237-47B3-A589-9F2DE0080AF5}.Release|Any CPU.Build.0 = Release|Any CPU
	EndGlobalSection
	GlobalSection(SolutionProperties) = preSolution
		HideSolutionNode = FALSE
	EndGlobalSection
	GlobalSection(ExtensibilityGlobals) = postSolution
		SolutionGuid = {842AE167-FC47-48A3-B8EC-54502107B2EC}
	EndGlobalSection
EndGlobal
